version = 1
revision = 3
requires-python = ">=3.12"

[[package]]
name = "cbor2"
version = "6.1.3"
source = { registry = "https://pypi.org/simple" }
sdist = { url = "https://files.pythonhosted.org/packages/3a/6f/07b4af8da8bd27f640362b1ac8271d80895407f2ede0c2bcc9433c06e1ca/cbor2-6.1.3.tar.gz", hash = "sha256:8d70680acb55c04ea5b5ad86da094f9612b53d5a8a65d0f5b3aafc3ce917ecbb", size = 89503, upload-time = "2026-07-04T10:36:48.793Z" }
wheels = [
    { url = "https://files.pythonhosted.org/packages/31/16/cff14259c3d19a7f0ae88b6996fe4c85f6ff1764dad889ac8a39e843e39c/cbor2-6.1.3-cp312-cp312-macosx_11_0_arm64.whl", hash = "sha256:3d939f55097c21e032f5a2d67592fcc57298986281f219356e2f519e4466f4ea", size = 412779, upload-time = "2026-07-04T10:36:04.975Z" },
    { url = "https://files.pythonhosted.org/packages/50/6c/f3641d19b7b85a63cb2756c10164131489c2cb46b379ec51ae22283fefb9/cbor2-6.1.3-cp312-cp312-manylinux_2_28_aarch64.whl", hash = "sha256:b025009478d644dab407164fd60e3ef4381af284f5af6966df94c663756d949e", size = 457781, upload-time = "2026-07-04T10:36:06.349Z" },
    { url = "https://files.pythonhosted.org/packages/55/85/0c55a66f3037056bfb8e1c7184168085fdea67ae5830404498bcf466233b/cbor2-6.1.3-cp312-cp312-manylinux_2_28_x86_64.whl", hash = "sha256:2226d32e102e375737656ad5d141ad8c6ae3e705e04e263f24756f0eb379c6c1", size = 468373, upload-time = "2026-07-04T10:36:07.769Z" },
    { url = "https://files.pythonhosted.org/packages/46/74/40f7db3e0d880560193916a5c9b744fcf299558bed7113f77c28237c7c29/cbor2-6.1.3-cp312-cp312-musllinux_1_2_aarch64.whl", hash = "sha256:e61d465244d66ffed36492eef3b44d43795d76a2bba0663a2f15c186af7f7513", size = 523844, upload-time = "2026-07-04T10:36:09.404Z" },
    { url = "https://files.pythonhosted.org/packages/b5/a1/b5e07d6a08441c3a552fe2ae48ccb7e9dfc5065b9f6a3bae9879b4f0fbc0/cbor2-6.1.3-cp312-cp312-musllinux_1_2_x86_64.whl", hash = "sha256:87fe7be8fab6ec4796aa127c1a52e09e79dbafd2aa31caf809cf04b8080a5975", size = 536238, upload-time = "2026-07-04T10:36:10.914Z" },
    { url = "https://files.pythonhosted.org/packages/c9/99/e166be0fd74bf3a91f5a0d103e34883efbc438d970f72cc8200e274787e5/cbor2-6.1.3-cp312-cp312-win32.whl", hash = "sha256:da25d345f01e6a40b2e5c57ef96b4dcff7be69394fb62f0f70e07f437f2376a9", size = 279858, upload-time = "2026-07-04T10:36:12.247Z" },
    { url = "https://files.pythonhosted.org/packages/d2/1b/90b4a121e40aba189c55a5822dd3c698eaf487e1d4a780ab18c804a5ef1c/cbor2-6.1.3-cp312-cp312-win_amd64.whl", hash = "sha256:d5514f693db6fa6f433b4096e9b604e6a7bf151c9ef1d2db86d0858e4c5e768f", size = 300929, upload-time = "2026-07-04T10:36:13.564Z" },
    { url = "https://files.pythonhosted.org/packages/19/db/52c58a8d33464927389dde8103997b3fa51b081ce29b347ac2cc4fd0dfbf/cbor2-6.1.3-cp312-cp312-win_arm64.whl", hash = "sha256:3d43183d7beb3d3cd198d69b31bd2ee487ed704a1150c75cb0a66d6ad63d8c1a", size = 290908, upload-time = "2026-07-04T10:36:14.857Z" },
    { url = "https://files.pythonhosted.org/packages/1c/8c/5024d623dcf3f2057ec8c991f584b939ba5f9025a5ce8c31f6fac067137a/cbor2-6.1.3-cp313-cp313-macosx_11_0_arm64.whl", hash = "sha256:21c74b8ab67977c8b87b727247eeb730145b0068ad6d47f71e9f80f6b48c65f8", size = 412334, upload-time = "2026-07-04T10:36:16.299Z" },
    { url = "https://files.pythonhosted.org/packages/61/f3/e50654203c3b746166a96bea680eb6463b20c2c160cc14dfbe43f215ef6c/cbor2-6.1.3-cp313-cp313-manylinux_2_28_aarch64.whl", hash = "sha256:f291a0ae4c1ed96eadb0afa9752568c7424f7d6fa818676d5e33005fcd22ddd9", size = 457125, upload-time = "2026-07-04T10:36:17.684Z" },
    { url = "https://files.pythonhosted.org/packages/44/86/6ef007f0d4f7afba90a80cb1657984de542e7474d2afaa7e920ac9860df3/cbor2-6.1.3-cp313-cp313-manylinux_2_28_x86_64.whl", hash = "sha256:dc8e44c7bf172687195dcd428157885bc00ea06efc0ea30fb371163b92bef733", size = 467651, upload-time = "2026-07-04T10:36:19.007Z" },
    { url = "https://files.pythonhosted.org/packages/b2/f4/b5aa27813c02f37e03eb86bd908163562edd6fc7f99665bc7bbb25ef5e6c/cbor2-6.1.3-cp313-cp313-musllinux_1_2_aarch64.whl", hash = "sha256:8ccf4d263983d830dd429d2b01f27be58ac02ba7c790c45d861f767eb63963e5", size = 523296, upload-time = "2026-07-04T10:36:20.504Z" },
    { url = "https://files.pythonhosted.org/packages/5b/46/e17b2bce2efdc26bfa045b4f6168f02923ac5f0e79732a1b3c42ce9ca9de/cbor2-6.1.3-cp313-cp313-musllinux_1_2_x86_64.whl", hash = "sha256:8719a7a2a2a82168844533389957b8f617a139f5f40e4d0ad7ed905fd3abebd1", size = 535537, upload-time = "2026-07-04T10:36:21.761Z" },
    { url = "https://files.pythonhosted.org/packages/54/bc/add350acf37f367ae429f997f2e047b042f2d5ef9ca62461c923fbb0f3c3/cbor2-6.1.3-cp313-cp313-win32.whl", hash = "sha256:c73b54ce09dd8d522f3c1540426e36172ba0f34abf3d89eb93909a5e14590003", size = 279233, upload-time = "2026-07-04T10:36:23.071Z" },
    { url = "https://files.pythonhosted.org/packages/e8/6f/1bbfce3b3131e4e03e8a86966a38ff92ebb72215fcf36aeecea1547f3e4b/cbor2-6.1.3-cp313-cp313-win_amd64.whl", hash = "sha256:b77df56c462c10eb3444db8ef78d8c3e71d9ef8d021ea92e97c1f9e3aa918690", size = 300585, upload-time = "2026-07-04T10:36:24.563Z" },
    { url = "https://files.pythonhosted.org/packages/e7/65/3945702dd84b6e5b7800c9c7f1ada038d33d12d0042de10e38164cc03dfd/cbor2-6.1.3-cp313-cp313-win_arm64.whl", hash = "sha256:b144be2ab3e9584ee7b6359d2a92fee0a5bec1d00dbd34c215ccc2040ac0b2ab", size = 290357, upload-time = "2026-07-04T10:36:25.983Z" },
    { url = "https://files.pythonhosted.org/packages/8f/40/04ad7d34182b27487a1824422b361b32d2607727ef20e563056eba62d12a/cbor2-6.1.3-cp314-cp314-macosx_11_0_arm64.whl", hash = "sha256:3f3167ca9920b90db4ff72652db109dfd93b56ee0d583aca12f3a5d9a7019477", size = 414615, upload-time = "2026-07-04T10:36:27.299Z" },
    { url = "https://files.pythonhosted.org/packages/8e/29/94238c61f90653a606535e7509a2af312089fe10dafcb4cf82d6905a7a1a/cbor2-6.1.3-cp314-cp314-manylinux_2_28_aarch64.whl", hash = "sha256:48c677971e4b71e685491e1a267d9924dc205e7ddbe3f34fd2562f16c0f6bfca", size = 459084, upload-time = "2026-07-04T10:36:28.717Z" },
    { url = "https://files.pythonhosted.org/packages/c8/cb/6bd33461e8be8ded7ebb0fa38994a63752aefae2b4fcd1b2cc71ee3c06f1/cbor2-6.1.3-cp314-cp314-manylinux_2_28_x86_64.whl", hash = "sha256:ad4f3c6dfc6b83331eb04c6975efb2839ab65a3aa81502bc2b3f7945d4c4aa44", size = 469310, upload-time = "2026-07-04T10:36:30.136Z" },
    { url = "https://files.pythonhosted.org/packages/8e/d1/94195bcd8fcc1030ecaf22a7a825faa08891b5bb2d3553e465e50fe115f5/cbor2-6.1.3-cp314-cp314-musllinux_1_2_aarch64.whl", hash = "sha256:8bcd609eab4a39745123bfb28e73311abba3d14975a87f5906e0e8b910d918ac", size = 524287, upload-time = "2026-07-04T10:36:31.453Z" },
    { url = "https://files.pythonhosted.org/packages/06/55/57178fbf2d1206af5299c688f9c917b83f30636694c8f932dc89c6652545/cbor2-6.1.3-cp314-cp314-musllinux_1_2_x86_64.whl", hash = "sha256:672727ecb27d7fb3ca0bf8a58fc489d5374ab1fee680ed3d0348a11d9d3ca78f", size = 537031, upload-time = "2026-07-04T10:36:32.769Z" },
    { url = "https://files.pythonhosted.org/packages/fb/01/beefe26258d66ce39a9b057b679bc67dba81698d5a63e0ada5b4752a5c87/cbor2-6.1.3-cp314-cp314-win32.whl", hash = "sha256:1413cef2aa7f478a38298cd3492a055e8e8e45d17fb53bbe103e79ca15c33f3c", size = 286256, upload-time = "2026-07-04T10:36:34.078Z" },
    { url = "https://files.pythonhosted.org/packages/1b/2d/79eb513a2586a2053a6f18b33693beda65e2c766820d99676a306573fed5/cbor2-6.1.3-cp314-cp314-win_amd64.whl", hash = "sha256:59df264d4a508ba61daaa0bf3c2f92d63275509549a0875c1fa38176f651e4f8", size = 313744, upload-time = "2026-07-04T10:36:35.58Z" },
    { url = "https://files.pythonhosted.org/packages/a1/c7/ab9828e4efc26badf89f1397f866f3ef03ef65cdcd55518254b84bdaf86e/cbor2-6.1.3-cp314-cp314-win_arm64.whl", hash = "sha256:b62b5d80a0eb4305cd5f0217faa4d7747bd64fe0dff9b88415e7be3782f8249b", size = 304280, upload-time = "2026-07-04T10:36:36.865Z" },
    { url = "https://files.pythonhosted.org/packages/33/cf/54a497ad1026833c1c92d482edbda0bdebb48314b51563d2fcea24ab89b4/cbor2-6.1.3-cp314-cp314t-macosx_11_0_arm64.whl", hash = "sha256:856ab525bfc599588b8d2a45babb7c3400c693ea0bb574d818467d997102fe24", size = 409638, upload-time = "2026-07-04T10:36:38.089Z" },
    { url = "https://files.pythonhosted.org/packages/3b/03/efdecd0848b9c9e43242537f6dd8ac5d441a077d362e5e6954c7775b866a/cbor2-6.1.3-cp314-cp314t-manylinux_2_28_aarch64.whl", hash = "sha256:a076f35abf1dd0a4de6e2f7f4d4932abafc951a26275b6aa4a3b370c2fd3bbf4", size = 452193, upload-time = "2026-07-04T10:36:39.56Z" },
    { url = "https://files.pythonhosted.org/packages/ef/bf/b5f43c75dc5f0ca3127919d3273d8671917932aa3e90767da63867e0f06f/cbor2-6.1.3-cp314-cp314t-manylinux_2_28_x86_64.whl", hash = "sha256:37ccab1d0bd3f57ff536a41e44165d0c99cb166ac6e5ffb8b93c42304b56e48d", size = 466614, upload-time = "2026-07-04T10:36:40.936Z" },
    { url = "https://files.pythonhosted.org/packages/23/ee/e85b2ddd46b3b43e39a986704353b433efab0881234e1b4d824229fc2a75/cbor2-6.1.3-cp314-cp314t-musllinux_1_2_aarch64.whl", hash = "sha256:76d257ce797e651fa430b0269e8e8c43549c54ce8b0d12860569b3709bf1326f", size = 518503, upload-time = "2026-07-04T10:36:42.289Z" },
    { url = "https://files.pythonhosted.org/packages/60/13/c740c0002f127dc3e9e87b61a5d1285dd3b71aa11d8e0f6a408fc1f36173/cbor2-6.1.3-cp314-cp314t-musllinux_1_2_x86_64.whl", hash = "sha256:4af35baadb66f7c9cbb3998eab469767c04641552416c1c69dd4d3d183797119", size = 534236, upload-time = "2026-07-04T10:36:43.641Z" },
    { url = "https://files.pythonhosted.org/packages/73/cd/a57d97177f3777c96f3406efb0ad60794fdbf249d497ec24559bfd1d0328/cbor2-6.1.3-cp314-cp314t-win32.whl", hash = "sha256:61c92661665bccfed4ffa69d1fe10097f2c820d262f56a8cf909a5ebf9f6d8c6", size = 282446, upload-time = "2026-07-04T10:36:44.888Z" },
    { url = "https://files.pythonhosted.org/packages/11/c8/dd54878589df22c863d526cb82e1bb20e953d40223436449a52481c49804/cbor2-6.1.3-cp314-cp314t-win_amd64.whl", hash = "sha256:dc6bcd030bf5043662b84b0ca0f0ca942491bf509105db30cedca6e2ce82d158", size = 310300, upload-time = "2026-07-04T10:36:46.212Z" },
    { url = "https://files.pythonhosted.org/packages/05/d0/b0780a396d145e3356bfdc48578d021ade1818a6c7d7842a3d6bc6f16fbb/cbor2-6.1.3-cp314-cp314t-win_arm64.whl", hash = "sha256:da98a5e0ae9487bed497ac74e2c850b49975a3b7b5314b76c3843e2c83a6c8c4", size = 299391, upload-time = "2026-07-04T10:36:47.629Z" },
]

[[package]]
name = "pysandbox"
version = "0.4.3"
source = { editable = "." }
dependencies = [
    { name = "cbor2" },
    { name = "wasmtime" },
]

[package.metadata]
requires-dist = [
    { name = "cbor2", specifier = ">=6.1.3" },
    { name = "wasmtime", specifier = ">=45.0.0" },
]

[[package]]
name = "wasmtime"
version = "45.0.0"
source = { registry = "https://pypi.org/simple" }
sdist = { url = "https://files.pythonhosted.org/packages/b1/ff/db9cfc61d988bc15303134bb174176a29839976876dfd18c3a12548ad291/wasmtime-45.0.0.tar.gz", hash = "sha256:2ad4bf7ca286ceea35c1e420d10b368d7f83faf9a5ffde87b4ee334a9b7f55f3", size = 128297, upload-time = "2026-05-26T17:57:39.131Z" }
wheels = [
    { url = "https://files.pythonhosted.org/packages/75/56/7d941adba273210dcf4198266a47f472a5eeca20172005b443af71a9a3e7/wasmtime-45.0.0-py3-none-android_26_arm64_v8a.whl", hash = "sha256:4e843795b53e66c71313f2254731467372e5e1549227cf14accb9e2d57701c10", size = 8659052, upload-time = "2026-05-26T17:57:12.338Z" },
    { url = "https://files.pythonhosted.org/packages/3f/81/c4d81ebf3db8aa28f789a9569640f30790d5234c509a0234cd502aa2638b/wasmtime-45.0.0-py3-none-android_26_x86_64.whl", hash = "sha256:35e713f907264e470f3bc9b592b81b8ed0f8f5651725d9f07a5d52beb0642e38", size = 9619373, upload-time = "2026-05-26T17:57:14.979Z" },
    { url = "https://files.pythonhosted.org/packages/e1/c7/7594da7fa8a3bc5e765733ad57aac9b7b27262c4afa47521bd500e4a4574/wasmtime-45.0.0-py3-none-any.whl", hash = "sha256:6251ee5074a8b8bfaa98e6e99cb5d49d6d0f2320b3265d5aa6c2ee5df5fb4519", size = 8019034, upload-time = "2026-05-26T17:57:20.138Z" },
    { url = "https://files.pythonhosted.org/packages/75/76/7d0e440ca03a717a97889dbb7b68f952c20ed4ffd3f59addf9553579e1d5/wasmtime-45.0.0-py3-none-macosx_10_13_x86_64.whl", hash = "sha256:3579b0ec6d001750d66ec7089aaeee2c048f88328c82743e15f099af01b0cf84", size = 9401625, upload-time = "2026-05-26T17:57:22.149Z" },
    { url = "https://files.pythonhosted.org/packages/5b/0b/a81b5daf5adea482ecb68d9615f6a348486ab4d8e980a915d4420e57ee4d/wasmtime-45.0.0-py3-none-macosx_11_0_arm64.whl", hash = "sha256:31d10f25c330cebcfb364e9a357123deeec96c41725ff2bba91b705587f38a93", size = 8255954, upload-time = "2026-05-26T17:57:24.769Z" },
    { url = "https://files.pythonhosted.org/packages/d7/8c/e9019a28e908214031310aefd78e4755221d02303190b54b2c85cb69573e/wasmtime-45.0.0-py3-none-manylinux1_x86_64.whl", hash = "sha256:5d1416ec6da8cd87c29e2e9eb074358c91839c2fff971fe428c8921eaae68e73", size = 9681185, upload-time = "2026-05-26T17:57:26.641Z" },
    { url = "https://files.pythonhosted.org/packages/42/56/ed5f492bd553a31c8e28d621f8256f2c7b1a133b28f73525d96ca355891a/wasmtime-45.0.0-py3-none-manylinux2014_aarch64.whl", hash = "sha256:a499f6ab0eebb70dca83d6a4904b743cd122f322af3abe86af08ad753533d946", size = 8582001, upload-time = "2026-05-26T17:57:28.883Z" },
    { url = "https://files.pythonhosted.org/packages/62/12/9b41740da83f51014b88181c9086de0ed75d736a5329baff7323c4fb6eff/wasmtime-45.0.0-py3-none-musllinux_1_2_aarch64.whl", hash = "sha256:bef65282b7de744106a91da43e4d06ba19d2d587bc54abb83b3e757f0c4fc030", size = 8633462, upload-time = "2026-05-26T17:57:31.423Z" },
    { url = "https://files.pythonhosted.org/packages/ea/63/49d8317706a108d9ed1d4166d0fc710796da1b20e591a98a96575dec367a/wasmtime-45.0.0-py3-none-musllinux_1_2_x86_64.whl", hash = "sha256:a0b6ca14b4628a5d1ffa91ccf2c0f2c58fa171f126ec085d564b09d5795395dd", size = 9712524, upload-time = "2026-05-26T17:57:33.839Z" },
    { url = "https://files.pythonhosted.org/packages/20/71/8e31ea472ceb934e7261ac59a786e82cd82b4d4dcb7c870d498aa9c3c21e/wasmtime-45.0.0-py3-none-win_amd64.whl", hash = "sha256:1736a70a48f713aaf1a878514d29cc6f554213b5431e04447813a3b9b4320381", size = 8019039, upload-time = "2026-05-26T17:57:36.04Z" },
    { url = "https://files.pythonhosted.org/packages/9c/d1/ac536e92ac95a02e137be5b6829f15b87d5eef93ace32e5ee8035155b839/wasmtime-45.0.0-py3-none-win_arm64.whl", hash = "sha256:ae9726590e6d90c6305b8b507c93468b145204d4390aa9a2e29e26babcae110e", size = 6845659, upload-time = "2026-05-26T17:57:37.696Z" },
]
