version = 1
revision = 3
requires-python = ">=3.12"

[[package]]
name = "cbor2"
version = "6.1.2"
source = { registry = "https://pypi.org/simple" }
sdist = { url = "https://files.pythonhosted.org/packages/75/af/473c241e41c142ea06ebef8d1f660fa6ff928fb97210e7bec8ee5974f8cd/cbor2-6.1.2.tar.gz", hash = "sha256:6b43037a66947dee5af0abb1a4c3a13b3abac5a4a3f32f9771efbbcd030fd909", size = 86760, upload-time = "2026-06-02T19:01:29.333Z" }
wheels = [
    { url = "https://files.pythonhosted.org/packages/5e/0c/a857b6ca032282b564cf25de18ad92fe0614e8b3fa3422eb10e32a873939/cbor2-6.1.2-cp312-cp312-macosx_11_0_arm64.whl", hash = "sha256:92b158d3ff9d9dce70eeb09786a6e518e3cb0ecb927fd23e9a0f7fc4b175c01a", size = 409592, upload-time = "2026-06-02T19:00:44.556Z" },
    { url = "https://files.pythonhosted.org/packages/29/db/e0518153b3228159d9373f3b5785d7ea2d68898e27ee1bce7d03f0b5f7aa/cbor2-6.1.2-cp312-cp312-manylinux_2_28_aarch64.whl", hash = "sha256:d29a11044b07048e19f39a87fe8fea7ea865eb0ace50dc4c29513d52d40e2ddf", size = 454598, upload-time = "2026-06-02T19:00:45.784Z" },
    { url = "https://files.pythonhosted.org/packages/29/67/62127b22edc6011ba55b76a28ab7c2219a45d01871a8199532e0978b26d1/cbor2-6.1.2-cp312-cp312-manylinux_2_28_x86_64.whl", hash = "sha256:a106f174eda34d8937a621c7f3e6044586cb209170cdc8da0ffbea89d1d6e385", size = 467380, upload-time = "2026-06-02T19:00:47.196Z" },
    { url = "https://files.pythonhosted.org/packages/7c/95/7992d8ec904c116ad547abb4960cc3fde695d5853c66596b1465d14d2f7b/cbor2-6.1.2-cp312-cp312-musllinux_1_2_aarch64.whl", hash = "sha256:2ea16a25cc457a92879ff7a36cc50b587bddba09d8176bf1a94803eec5aa27eb", size = 521672, upload-time = "2026-06-02T19:00:48.656Z" },
    { url = "https://files.pythonhosted.org/packages/cb/cf/80cc4be132a523f0c92fb4c71813577bb393abea9e27990ca74605e0e930/cbor2-6.1.2-cp312-cp312-musllinux_1_2_x86_64.whl", hash = "sha256:2652a94224980d47f2a3866dd35b1afe532ecdfaf91f8cfcec39a026c457a844", size = 534402, upload-time = "2026-06-02T19:00:50.064Z" },
    { url = "https://files.pythonhosted.org/packages/b1/ea/99e466d8bef61a0775a1d8538ae6c9d95f4533fadc01f8f7814cb7ab80ad/cbor2-6.1.2-cp312-cp312-win32.whl", hash = "sha256:618666292900487db4a5abcade3150105c9c9fdd22576e6ff297c9a72eef0c6a", size = 283225, upload-time = "2026-06-02T19:00:51.406Z" },
    { url = "https://files.pythonhosted.org/packages/14/13/e6a677bdc499e43049006cb54fe605b0f7aef621402d31354cc42ef293c9/cbor2-6.1.2-cp312-cp312-win_amd64.whl", hash = "sha256:c61c0b2e2cee64497e6c62d1976bc212f62ac0cd2b5b903613610d79b8b06b60", size = 300844, upload-time = "2026-06-02T19:00:52.628Z" },
    { url = "https://files.pythonhosted.org/packages/77/4a/08bd8461f8e2e1ce1de5ae2768f2b7ca39a090e3156c1ee0d9b5fd86e70d/cbor2-6.1.2-cp312-cp312-win_arm64.whl", hash = "sha256:c871e7266ddc545b258e6f8e5300396985dc485d7ccf8bb4777385782f302153", size = 289040, upload-time = "2026-06-02T19:00:53.971Z" },
    { url = "https://files.pythonhosted.org/packages/2b/dc/bc045c8f36317e4e5f7a60d94b36833139909fc32e3a65f44bc61a36def0/cbor2-6.1.2-cp313-cp313-macosx_11_0_arm64.whl", hash = "sha256:f1aa38c422d87ea61849b2a823b10b64053fb4da8763f19ac78ea9a69d682b2a", size = 408846, upload-time = "2026-06-02T19:00:55.476Z" },
    { url = "https://files.pythonhosted.org/packages/2b/36/d66f5f0dd98ecbdcfc7da1fbd423f7b3782a27719f0062a560476f00b334/cbor2-6.1.2-cp313-cp313-manylinux_2_28_aarch64.whl", hash = "sha256:ff7d0bd8ff432832338a8d2430aee34f8a082342480ff537c0ba90e2b8ff7894", size = 454624, upload-time = "2026-06-02T19:00:56.744Z" },
    { url = "https://files.pythonhosted.org/packages/38/6b/4884b9cf03db14dc5007825d5d1bf8678a75c49d4268d8e0c1c6e9580104/cbor2-6.1.2-cp313-cp313-manylinux_2_28_x86_64.whl", hash = "sha256:c1eedf3290d88a5f663bd8b4b8f0f0e2103d0594c293fa5f4e62e53100972309", size = 466585, upload-time = "2026-06-02T19:00:58.209Z" },
    { url = "https://files.pythonhosted.org/packages/50/f6/36a15beb3915f56a79d6e9213c6d40c0f5cb90cd3462923f555d78068847/cbor2-6.1.2-cp313-cp313-musllinux_1_2_aarch64.whl", hash = "sha256:3049b04bddf9a5a2d0e5bb25dccdaf4552fcaf607b404e249d4f78f010fcc7d0", size = 521678, upload-time = "2026-06-02T19:00:59.524Z" },
    { url = "https://files.pythonhosted.org/packages/c6/3f/e899313371ebeb7a191d751de97ccd8242abc24bbc9d8e2c58e04475cfb0/cbor2-6.1.2-cp313-cp313-musllinux_1_2_x86_64.whl", hash = "sha256:96eb687a62040401668f06a85de8f47361ef44574de1493899e0ec678109fc04", size = 534044, upload-time = "2026-06-02T19:01:00.875Z" },
    { url = "https://files.pythonhosted.org/packages/1e/5e/1a872acdeb1ab9a884ec3460f73a43e02154dc20d8ccb627bbd60f4c0ea1/cbor2-6.1.2-cp313-cp313-win32.whl", hash = "sha256:03440b505882280023db1fedcee6844804e9968bb50f9eb4ff12aaf27777fcfe", size = 282328, upload-time = "2026-06-02T19:01:02.347Z" },
    { url = "https://files.pythonhosted.org/packages/70/79/29721bc15d38889e7bec214ede2346ee15970bedcc5e6ce1fa30f21e9a4e/cbor2-6.1.2-cp313-cp313-win_amd64.whl", hash = "sha256:d2c8da2c0f821827dcc9eb59a5c9351791a8aa3b389a2ea7ca64c4f97bcb94cf", size = 300313, upload-time = "2026-06-02T19:01:03.69Z" },
    { url = "https://files.pythonhosted.org/packages/07/98/a13b424fb2f14fe332b57f71f479953b2f291a051f797d42ddab9fcd2027/cbor2-6.1.2-cp313-cp313-win_arm64.whl", hash = "sha256:8e1478d3b980ddfcaf56e27cecbfe13057e0f67d5e8240fe8a398815acb9c4bf", size = 288725, upload-time = "2026-06-02T19:01:04.933Z" },
    { url = "https://files.pythonhosted.org/packages/62/72/949bdc7422acd868a2355ae032561a104973fb5de284b36a237b85780dc9/cbor2-6.1.2-cp314-cp314-macosx_11_0_arm64.whl", hash = "sha256:b0b65314a0b18c47651e17792447171a858dd77e3f161c451ad850d63f8718a9", size = 407436, upload-time = "2026-06-02T19:01:06.259Z" },
    { url = "https://files.pythonhosted.org/packages/2f/bd/5969f9263102d1c15aa370b39802e4a87b1d1703fdb51588daf38b5fbe7e/cbor2-6.1.2-cp314-cp314-manylinux_2_28_aarch64.whl", hash = "sha256:8904deb2849bae40cea970e114398a19da371e1048ae1409e64f167a1205daf6", size = 453507, upload-time = "2026-06-02T19:01:07.795Z" },
    { url = "https://files.pythonhosted.org/packages/93/a5/227b785692a8374e3dbdf1fe76d1a9af48239855abd68a4111a1458fd81b/cbor2-6.1.2-cp314-cp314-manylinux_2_28_x86_64.whl", hash = "sha256:b29d58d8ce00535354d873df170a3e9f0f0a02af65d12102d2552e2129c65dc8", size = 464875, upload-time = "2026-06-02T19:01:09.222Z" },
    { url = "https://files.pythonhosted.org/packages/6d/48/a06527c3fbed4c32816abba4540e432fe9cd7e739a37fef0f205bd0f1e44/cbor2-6.1.2-cp314-cp314-musllinux_1_2_aarch64.whl", hash = "sha256:27be1cc0abc42f154a48a315c92feb2bfb50397e51c70860460438ea172198a5", size = 519940, upload-time = "2026-06-02T19:01:10.795Z" },
    { url = "https://files.pythonhosted.org/packages/31/1b/0e3f0dac7140d4b94ffbcef765fa4cce0caa1d942060101149de998fa7be/cbor2-6.1.2-cp314-cp314-musllinux_1_2_x86_64.whl", hash = "sha256:b8d87fb8a33ff1971cb01511e74b044767cbba1ba536d3dc0b0c48f0d1b62237", size = 532612, upload-time = "2026-06-02T19:01:12.363Z" },
    { url = "https://files.pythonhosted.org/packages/35/2f/5af245e7667b65c6e4a714bb5d89c84de5573b857eba9137533d54bc2e4f/cbor2-6.1.2-cp314-cp314-win32.whl", hash = "sha256:72ba0ea913ca1a8d916867f1b7d414f140982d2873e5d92f8f51de437e08979e", size = 285886, upload-time = "2026-06-02T19:01:13.658Z" },
    { url = "https://files.pythonhosted.org/packages/d9/0a/6303f3e19730450c5a82b97cd2c0ed54855f9108502041305b4c641116cd/cbor2-6.1.2-cp314-cp314-win_amd64.whl", hash = "sha256:c02b7d94fe9914798a346a2f089f0f7f85be71d120d40080916d131fa0bd0442", size = 308808, upload-time = "2026-06-02T19:01:14.944Z" },
    { url = "https://files.pythonhosted.org/packages/cd/61/48f9c5545223dad9d2ea2061a76da739b4047a461297b621fc80ce0f65c0/cbor2-6.1.2-cp314-cp314-win_arm64.whl", hash = "sha256:2af1309865000c401755fd4fdd5550f74ac34c3f79eb7db15f3956714769a5a9", size = 299522, upload-time = "2026-06-02T19:01:16.393Z" },
    { url = "https://files.pythonhosted.org/packages/b2/2b/efcc6578b4e6142fb8ec9212c0dee5030345db2092f26aa960236067e717/cbor2-6.1.2-cp314-cp314t-macosx_11_0_arm64.whl", hash = "sha256:9f26e08dd78ee77d103065543a65cfb838948fa8735180ad4d81d939950a1420", size = 402925, upload-time = "2026-06-02T19:01:17.979Z" },
    { url = "https://files.pythonhosted.org/packages/58/f6/58c86aa6246b3e7de473d8ff79ac8cc986e95cafe208899a70d6916012d7/cbor2-6.1.2-cp314-cp314t-manylinux_2_28_aarch64.whl", hash = "sha256:596e238f24bf9ede11a1ad08d2115fe78105ed6dda42ce1dd35872e7e91974fd", size = 446201, upload-time = "2026-06-02T19:01:19.481Z" },
    { url = "https://files.pythonhosted.org/packages/c8/12/3b90820583e9860e35cb5e91f3b2cd2ab1bbdf1c57fc63aa572952f5f75f/cbor2-6.1.2-cp314-cp314t-manylinux_2_28_x86_64.whl", hash = "sha256:08a62f69fe0f0ee1428d901423853b56bb5c775430f798401f8fac4b9affdecc", size = 460193, upload-time = "2026-06-02T19:01:20.876Z" },
    { url = "https://files.pythonhosted.org/packages/ed/88/c1e841ffb39a8e7163d7d432f7ea0e59b812c5134a449c75b6b8eb8aad08/cbor2-6.1.2-cp314-cp314t-musllinux_1_2_aarch64.whl", hash = "sha256:6ca0080e4d8ab0d67c0518ac995d03151a1274b5c295c9e619fb6057c91ae49e", size = 511446, upload-time = "2026-06-02T19:01:22.18Z" },
    { url = "https://files.pythonhosted.org/packages/db/0a/f1ede587a388f127b9fc3d8ecb2f5d948654fed9fc7698f8b05fd90986bf/cbor2-6.1.2-cp314-cp314t-musllinux_1_2_x86_64.whl", hash = "sha256:b44eb2f3ea1c8d9cb3e39c345204ec4d9489f8149b78eb5e058b13b14a8c7b07", size = 527683, upload-time = "2026-06-02T19:01:23.639Z" },
    { url = "https://files.pythonhosted.org/packages/1a/89/e3210ea45855a8d6173821f712a71a90d23dea0c134c4017c6f666a04fdf/cbor2-6.1.2-cp314-cp314t-win32.whl", hash = "sha256:f93179b4b1ba958b5c37b56969b8f07b4fcf44a83319f47559c59f28a1c564a4", size = 280419, upload-time = "2026-06-02T19:01:25.365Z" },
    { url = "https://files.pythonhosted.org/packages/96/84/b555de26cc01108a72ed1df8eb7ca1d63495a3727045f0f93318dc5f99a8/cbor2-6.1.2-cp314-cp314t-win_amd64.whl", hash = "sha256:3c6c3d6598c268abf7068ae75b23b19f708e7a4aa294341b356deb65cb2664f1", size = 302514, upload-time = "2026-06-02T19:01:26.782Z" },
    { url = "https://files.pythonhosted.org/packages/d4/6e/5556939414c0d2bffed7c7a53cf2b32181b55a795944d19835d513a7bc88/cbor2-6.1.2-cp314-cp314t-win_arm64.whl", hash = "sha256:8c2202fd1906f978bff3f97b21351815753dd9a8fcf4612a5113b6b257089059", size = 290058, upload-time = "2026-06-02T19:01:28.077Z" },
]

[[package]]
name = "pysandbox"
version = "0.3.1"
source = { editable = "." }
dependencies = [
    { name = "cbor2" },
    { name = "wasmtime" },
]

[package.metadata]
requires-dist = [
    { name = "cbor2", specifier = ">=6" },
    { name = "wasmtime", specifier = ">=45.0.0" },
]

[[package]]
name = "wasmtime"
version = "45.0.0"
source = { registry = "https://pypi.org/simple" }
sdist = { url = "https://files.pythonhosted.org/packages/b1/ff/db9cfc61d988bc15303134bb174176a29839976876dfd18c3a12548ad291/wasmtime-45.0.0.tar.gz", hash = "sha256:2ad4bf7ca286ceea35c1e420d10b368d7f83faf9a5ffde87b4ee334a9b7f55f3", size = 128297, upload-time = "2026-05-26T17:57:39.131Z" }
wheels = [
    { url = "https://files.pythonhosted.org/packages/75/56/7d941adba273210dcf4198266a47f472a5eeca20172005b443af71a9a3e7/wasmtime-45.0.0-py3-none-android_26_arm64_v8a.whl", hash = "sha256:4e843795b53e66c71313f2254731467372e5e1549227cf14accb9e2d57701c10", size = 8659052, upload-time = "2026-05-26T17:57:12.338Z" },
    { url = "https://files.pythonhosted.org/packages/3f/81/c4d81ebf3db8aa28f789a9569640f30790d5234c509a0234cd502aa2638b/wasmtime-45.0.0-py3-none-android_26_x86_64.whl", hash = "sha256:35e713f907264e470f3bc9b592b81b8ed0f8f5651725d9f07a5d52beb0642e38", size = 9619373, upload-time = "2026-05-26T17:57:14.979Z" },
    { url = "https://files.pythonhosted.org/packages/e1/c7/7594da7fa8a3bc5e765733ad57aac9b7b27262c4afa47521bd500e4a4574/wasmtime-45.0.0-py3-none-any.whl", hash = "sha256:6251ee5074a8b8bfaa98e6e99cb5d49d6d0f2320b3265d5aa6c2ee5df5fb4519", size = 8019034, upload-time = "2026-05-26T17:57:20.138Z" },
    { url = "https://files.pythonhosted.org/packages/75/76/7d0e440ca03a717a97889dbb7b68f952c20ed4ffd3f59addf9553579e1d5/wasmtime-45.0.0-py3-none-macosx_10_13_x86_64.whl", hash = "sha256:3579b0ec6d001750d66ec7089aaeee2c048f88328c82743e15f099af01b0cf84", size = 9401625, upload-time = "2026-05-26T17:57:22.149Z" },
    { url = "https://files.pythonhosted.org/packages/5b/0b/a81b5daf5adea482ecb68d9615f6a348486ab4d8e980a915d4420e57ee4d/wasmtime-45.0.0-py3-none-macosx_11_0_arm64.whl", hash = "sha256:31d10f25c330cebcfb364e9a357123deeec96c41725ff2bba91b705587f38a93", size = 8255954, upload-time = "2026-05-26T17:57:24.769Z" },
    { url = "https://files.pythonhosted.org/packages/d7/8c/e9019a28e908214031310aefd78e4755221d02303190b54b2c85cb69573e/wasmtime-45.0.0-py3-none-manylinux1_x86_64.whl", hash = "sha256:5d1416ec6da8cd87c29e2e9eb074358c91839c2fff971fe428c8921eaae68e73", size = 9681185, upload-time = "2026-05-26T17:57:26.641Z" },
    { url = "https://files.pythonhosted.org/packages/42/56/ed5f492bd553a31c8e28d621f8256f2c7b1a133b28f73525d96ca355891a/wasmtime-45.0.0-py3-none-manylinux2014_aarch64.whl", hash = "sha256:a499f6ab0eebb70dca83d6a4904b743cd122f322af3abe86af08ad753533d946", size = 8582001, upload-time = "2026-05-26T17:57:28.883Z" },
    { url = "https://files.pythonhosted.org/packages/62/12/9b41740da83f51014b88181c9086de0ed75d736a5329baff7323c4fb6eff/wasmtime-45.0.0-py3-none-musllinux_1_2_aarch64.whl", hash = "sha256:bef65282b7de744106a91da43e4d06ba19d2d587bc54abb83b3e757f0c4fc030", size = 8633462, upload-time = "2026-05-26T17:57:31.423Z" },
    { url = "https://files.pythonhosted.org/packages/ea/63/49d8317706a108d9ed1d4166d0fc710796da1b20e591a98a96575dec367a/wasmtime-45.0.0-py3-none-musllinux_1_2_x86_64.whl", hash = "sha256:a0b6ca14b4628a5d1ffa91ccf2c0f2c58fa171f126ec085d564b09d5795395dd", size = 9712524, upload-time = "2026-05-26T17:57:33.839Z" },
    { url = "https://files.pythonhosted.org/packages/20/71/8e31ea472ceb934e7261ac59a786e82cd82b4d4dcb7c870d498aa9c3c21e/wasmtime-45.0.0-py3-none-win_amd64.whl", hash = "sha256:1736a70a48f713aaf1a878514d29cc6f554213b5431e04447813a3b9b4320381", size = 8019039, upload-time = "2026-05-26T17:57:36.04Z" },
    { url = "https://files.pythonhosted.org/packages/9c/d1/ac536e92ac95a02e137be5b6829f15b87d5eef93ace32e5ee8035155b839/wasmtime-45.0.0-py3-none-win_arm64.whl", hash = "sha256:ae9726590e6d90c6305b8b507c93468b145204d4390aa9a2e29e26babcae110e", size = 6845659, upload-time = "2026-05-26T17:57:37.696Z" },
]
