version = 1
revision = 5
requires-python = ">=3.12"

[[package]]
name = "build"
version = "1.6.1"
source = { registry = "https://pypi.org/simple" }
dependencies = [
    { name = "colorama", marker = "os_name == 'nt'" },
    { name = "packaging" },
    { name = "pyproject-hooks" },
]
sdist = { url = "https://files.pythonhosted.org/packages/bd/67/4898a44ea4f3f8e213b0954ec0aa0a16971d62a6212d6ea3931e97115b99/build-1.6.1.tar.gz", hash = "sha256:51cc11666391ab6f092070437ac747002ff46f3e4113a3622177ee6b488bfc53", size = 113427, upload-time = "2026-09-10T07:56:00.417Z" }
wheels = [
    { url = "https://files.pythonhosted.org/packages/ad/9b/9fb3585dabcd73a1b2a6267f63f62649347c9e6d072c9fde365b105abb2c/build-1.6.1-py3-none-any.whl", hash = "sha256:ecd351a4be9d35a9eaaba244a7687143c9c7d4aea6ac964e7e7ddab20cbcf4e7", size = 31179, upload-time = "2026-09-10T07:55:59.148Z" },
]

[package.optional-dependencies]
virtualenv = [
    { name = "virtualenv" },
]

[[package]]
name = "cbor2"
version = "6.1.5"
source = { registry = "https://pypi.org/simple" }
sdist = { url = "https://files.pythonhosted.org/packages/39/34/d443914ea562a985ccb357682e17b7190d5d58eff797c741379be47a8f31/cbor2-6.1.5.tar.gz", hash = "sha256:6eb06160c42315ac0c4ded461c7d84d92fa18c69d13d17fc1dfc1fae96580c95", size = 94232, upload-time = "2026-10-01T18:09:33.621Z" }
wheels = [
    { url = "https://files.pythonhosted.org/packages/a0/d6/8278f1abd5b6b5bcfc94158226a737b62fa0e50ba1d8d0b77f42edbf74f8/cbor2-6.1.5-cp312-cp312-macosx_11_0_arm64.whl", hash = "sha256:0c1565bcd74a389b581e292592ccab0ed9c46286c6e986256820bc68c9ad7e8c", size = 407737, upload-time = "2026-10-01T18:08:14.982Z" },
    { url = "https://files.pythonhosted.org/packages/fa/1b/a58d72ecbe15273e4e4842ac2149361e2bc0ad75fcab117c06da3c31782f/cbor2-6.1.5-cp312-cp312-manylinux_2_28_aarch64.whl", hash = "sha256:f8f85a49db66df77546d278de4d249772a4557d715df07ba8ae155cfa6a7fb31", size = 451924, upload-time = "2026-10-01T18:08:16.618Z" },
    { url = "https://files.pythonhosted.org/packages/72/28/72c76aee7aa74e5dc53b79505dc6c168805d20c8e75166143076c5b61906/cbor2-6.1.5-cp312-cp312-manylinux_2_28_x86_64.whl", hash = "sha256:b70d7c47ea84d456034d2be02e89d92eef7044cfcedf6f05058e21d4452f0fef", size = 463316, upload-time = "2026-10-01T18:08:18.293Z" },
    { url = "https://files.pythonhosted.org/packages/0b/a4/d81e9351c9ad37da4d999edcd05c6542a24e8899bb0ee8f91990e9e52981/cbor2-6.1.5-cp312-cp312-musllinux_1_2_aarch64.whl", hash = "sha256:694f75fdcdb8c6b9a71ab77f789f56be1deab20bbdbf948d5ff53cd7c2543dfc", size = 519564, upload-time = "2026-10-01T18:08:20.123Z" },
    { url = "https://files.pythonhosted.org/packages/af/c7/f7da3d0d46022a1c802074e13966863972d68f29cf07301cce2c8e98febc/cbor2-6.1.5-cp312-cp312-musllinux_1_2_x86_64.whl", hash = "sha256:09eeb76177758a0fdf1627a9428b384756872b048c6c0d7d158106b29b207d2c", size = 530974, upload-time = "2026-10-01T18:08:21.83Z" },
    { url = "https://files.pythonhosted.org/packages/5f/e3/74fddce015b171ee087a6e0185a233f3d29c7fda80cfa3041c796a67d100/cbor2-6.1.5-cp312-cp312-win32.whl", hash = "sha256:789ef813f416d353aecd5c8824860ee4be94e0f1179a385eb2beccfbeb615e4f", size = 281010, upload-time = "2026-10-01T18:08:23.614Z" },
    { url = "https://files.pythonhosted.org/packages/5e/f5/ecc8d6a9ff9322405b23a4d3226504e7d7a44424e0d831a02b49bac8e605/cbor2-6.1.5-cp312-cp312-win_amd64.whl", hash = "sha256:9677ce1c3c0cb1fa5a4f721a127fc2cc06e8efc43ee8e5f94e292186d6b51953", size = 304308, upload-time = "2026-10-01T18:08:25.077Z" },
    { url = "https://files.pythonhosted.org/packages/a8/90/23b702147b0858dbbc8a3136f288248118bb32f2785cc35c470a3b3f5571/cbor2-6.1.5-cp312-cp312-win_arm64.whl", hash = "sha256:b73d982e35a60e602a200feb2a9d272e850efdc9ff767b0f4887bdbc16d23e52", size = 293958, upload-time = "2026-10-01T18:08:26.493Z" },
    { url = "https://files.pythonhosted.org/packages/f9/db/a40752361f48c5b369f7e39ad80d8c67dfebe021f06042fadb5425592084/cbor2-6.1.5-cp313-cp313-macosx_11_0_arm64.whl", hash = "sha256:f850860e43d47312cb962bfdfe1cd879b180a04d0e7352f80e426b3852be8b79", size = 406941, upload-time = "2026-10-01T18:08:28.083Z" },
    { url = "https://files.pythonhosted.org/packages/3b/f3/1bd052177e63fc5114a105c210ddef6d1132006f421b2577f51abf6fbecc/cbor2-6.1.5-cp313-cp313-manylinux_2_28_aarch64.whl", hash = "sha256:65a677ff460f5c31f060a4bf8518f3e8184c321fddc0223a5ac2fac59a7f9f30", size = 450578, upload-time = "2026-10-01T18:08:29.881Z" },
    { url = "https://files.pythonhosted.org/packages/82/92/9d20136a9e3ba31fd2a9073955409b9f9001c86b4149cae4900ac737a820/cbor2-6.1.5-cp313-cp313-manylinux_2_28_x86_64.whl", hash = "sha256:833db11fbea9808b080e5340d5f96615e28a6a6617618a4331e60082d0dc1ca4", size = 462522, upload-time = "2026-10-01T18:08:31.486Z" },
    { url = "https://files.pythonhosted.org/packages/35/5c/094b4194e64437252bea8c009f5094a6b1d7c2308e9f9e7edd56062209a8/cbor2-6.1.5-cp313-cp313-musllinux_1_2_aarch64.whl", hash = "sha256:eb30032171afc7ab95e524f13eee0c9a79af356b0414fa3a3736b3febca7d641", size = 518793, upload-time = "2026-10-01T18:08:33.176Z" },
    { url = "https://files.pythonhosted.org/packages/88/d7/cdd8581472c8bdeb3fb6077612535eb81e5b50b1efc8c98944a5b85f9e65/cbor2-6.1.5-cp313-cp313-musllinux_1_2_x86_64.whl", hash = "sha256:c916d7af4edcbf5dba157e9a8dd927bbf1fd66d3f137618226f7ad8b54bd944a", size = 530301, upload-time = "2026-10-01T18:08:34.828Z" },
    { url = "https://files.pythonhosted.org/packages/80/ca/018fbb0d4a1ef41384fe00454f5d8cc773b9a7242a54aed24a7cf1171427/cbor2-6.1.5-cp313-cp313-win32.whl", hash = "sha256:773ef85feea8beb5666a525e88197e3ef1c6629c6b6cf721e31b228c97cf6555", size = 280312, upload-time = "2026-10-01T18:08:36.288Z" },
    { url = "https://files.pythonhosted.org/packages/da/98/b157eced6c24d6edf38ec29aa21023e01f3f49a1b1da8b3b05ef83bfdca5/cbor2-6.1.5-cp313-cp313-win_amd64.whl", hash = "sha256:af14089f5fb36f89b3f766acc7d4990cdfba7487ec0249d51bfa3a8caad25f0a", size = 303367, upload-time = "2026-10-01T18:08:37.962Z" },
    { url = "https://files.pythonhosted.org/packages/a8/24/9482a7ade6cc017f29c420b92a5aed1d2affe76d4ec337eff01af5799246/cbor2-6.1.5-cp313-cp313-win_arm64.whl", hash = "sha256:9b3ba6f694ec196ebefc9c67ebc862b0fecdd3d6f85d5557378cf20ff8b1fb31", size = 293095, upload-time = "2026-10-01T18:08:39.482Z" },
    { url = "https://files.pythonhosted.org/packages/98/7c/d2fdf618c87d9b2964cd76550b93a6cfd0918303ac7f3b9b9f0c36fff9be/cbor2-6.1.5-cp314-cp314-macosx_11_0_arm64.whl", hash = "sha256:a14edbdc9e02d9daa72c3b8805edb297a6025a35e708f7dd8ccbdf1b18adb40f", size = 409682, upload-time = "2026-10-01T18:08:40.891Z" },
    { url = "https://files.pythonhosted.org/packages/fa/7d/8ad5d4e6088b292ecea337726c6ca602bb9abffeae39998f4b072731aec3/cbor2-6.1.5-cp314-cp314-manylinux_2_28_aarch64.whl", hash = "sha256:e1028f34af9158ee810c705a1c6c0b7c71f1e0a3c890fb343afd75725a80c191", size = 454408, upload-time = "2026-10-01T18:08:42.527Z" },
    { url = "https://files.pythonhosted.org/packages/e5/fa/5f9baeecf35db1d35ca5415dfa1e8656d656ccbbaca875e65d72df849f4e/cbor2-6.1.5-cp314-cp314-manylinux_2_28_x86_64.whl", hash = "sha256:73b97d92ce64a344015909f1888de0abec76211b9c1f33b075563a05512f3a98", size = 464560, upload-time = "2026-10-01T18:08:44.041Z" },
    { url = "https://files.pythonhosted.org/packages/d4/63/260e882e1055f48f88dc7e13ceaeff0f700e84d9c6d3683ac4d6350ee551/cbor2-6.1.5-cp314-cp314-musllinux_1_2_aarch64.whl", hash = "sha256:9907225060f8afcf31b5c97711cd057272160056a6b1b488313cc2b20c0afe74", size = 521581, upload-time = "2026-10-01T18:08:45.705Z" },
    { url = "https://files.pythonhosted.org/packages/a0/c7/f2976097933583b48109d76c30e9df7503f7001fb78abc77af0db87516f8/cbor2-6.1.5-cp314-cp314-musllinux_1_2_x86_64.whl", hash = "sha256:4c824355799799ab065686a05f65398319109955544db35cc797c60ad208b174", size = 532971, upload-time = "2026-10-01T18:08:47.352Z" },
    { url = "https://files.pythonhosted.org/packages/c8/56/e99d5f265e4647f7a5ba4fe82888bb4434f10ef80bbbce82b72f2e34a8ce/cbor2-6.1.5-cp314-cp314-win32.whl", hash = "sha256:8665b7970e563fb807cca5c42815fe0741192a899b74bf9052557486a46f9188", size = 287411, upload-time = "2026-10-01T18:08:48.841Z" },
    { url = "https://files.pythonhosted.org/packages/58/a1/6e501c663e1c682d023abbf072bc2866b0ebf4143332a228b2b16c2914f2/cbor2-6.1.5-cp314-cp314-win_amd64.whl", hash = "sha256:0529a95c1330c9c381286650dd65ff5b4ef136dcee06474ad30c028b5ae99a50", size = 317179, upload-time = "2026-10-01T18:08:50.326Z" },
    { url = "https://files.pythonhosted.org/packages/79/be/b8dc9768097d9d6eb9d3598b35011caecc53911e2a41b164035fc6d80872/cbor2-6.1.5-cp314-cp314-win_arm64.whl", hash = "sha256:547c58e758462f06ba542b0af21afb150ee64c4c81d7ca6d1ecae0655c6a283d", size = 307114, upload-time = "2026-10-01T18:08:51.825Z" },
    { url = "https://files.pythonhosted.org/packages/62/a1/7f4654f26ed2d6ca7c17485d4a87ccfe023798ffd6e979aa0ed007e9d86e/cbor2-6.1.5-cp314-cp314t-macosx_11_0_arm64.whl", hash = "sha256:2634a4e8dbd86cfbdace0a546a1ded1fb024ebc4fbbeaea0232cc76721e6bc91", size = 405647, upload-time = "2026-10-01T18:08:53.529Z" },
    { url = "https://files.pythonhosted.org/packages/db/f3/01893ff4f379109a156c7d356968b966fb9155ec18283926891ef9f1fb6e/cbor2-6.1.5-cp314-cp314t-manylinux_2_28_aarch64.whl", hash = "sha256:db607ae2b12c7eb85d463fe502a2f50111125bee69e70f85f793f0b7da7896e7", size = 447164, upload-time = "2026-10-01T18:08:55.399Z" },
    { url = "https://files.pythonhosted.org/packages/c9/33/b8ffb30546b1c06d98424b9eb02ae6267b16e2323c3e73404bf807faedd9/cbor2-6.1.5-cp314-cp314t-manylinux_2_28_x86_64.whl", hash = "sha256:68bcabc5b36a7c7c8825625b7b331a74098a4839d5d38b5cc29cb30a7acfee49", size = 462895, upload-time = "2026-10-01T18:08:56.953Z" },
    { url = "https://files.pythonhosted.org/packages/1a/32/8eaea4e9e46c8b8e7e1e94b6c43807a2897f0cc36c0b0fab0a488e345dcf/cbor2-6.1.5-cp314-cp314t-musllinux_1_2_aarch64.whl", hash = "sha256:10d5237100190133d6a770181a63d93752cb67a2849c18484d196b5f8880784e", size = 514829, upload-time = "2026-10-01T18:08:58.762Z" },
    { url = "https://files.pythonhosted.org/packages/02/27/12e4427d256a02f6124426251c6ae1d37c2a90cae1f2d09d0424eecd01a2/cbor2-6.1.5-cp314-cp314t-musllinux_1_2_x86_64.whl", hash = "sha256:4144e2ba881534f62968cdb4a4f134e07a351e75c997d8debca65fcb2edd61c8", size = 530055, upload-time = "2026-10-01T18:09:00.747Z" },
    { url = "https://files.pythonhosted.org/packages/d1/63/074eb7c1a4a41a9ddf930ec911888dda7ea3c88dca85df316e5b7aeb53c7/cbor2-6.1.5-cp314-cp314t-win32.whl", hash = "sha256:7dfb68b65d6b0d0d90512626247bfa4993354f1e2b2d83b28b51785e63853422", size = 284236, upload-time = "2026-10-01T18:09:02.335Z" },
    { url = "https://files.pythonhosted.org/packages/04/97/687b31a25f4755d71912682587f6d909f751a06cf8d2e68dc8737ac20537/cbor2-6.1.5-cp314-cp314t-win_amd64.whl", hash = "sha256:e1e8a6a72c7ab2f82579497cb1d5564987b02559ab980fe6a5f82a7d65031d19", size = 313558, upload-time = "2026-10-01T18:09:03.916Z" },
    { url = "https://files.pythonhosted.org/packages/85/d7/6a3fe78c3d79385bedb1a40b8d1554bbcb03b8762ed5847e77ec9b86b777/cbor2-6.1.5-cp314-cp314t-win_arm64.whl", hash = "sha256:edc4a4dfa313b2cd78d7562cb99b51615e06c89832b78c0c02e2b5c2e27906ae", size = 301775, upload-time = "2026-10-01T18:09:05.503Z" },
    { url = "https://files.pythonhosted.org/packages/b6/97/98c7c04aa255a9f6b2d1d3c35d210d0363fc7fa7c67963d6886086238748/cbor2-6.1.5-cp315-cp315-macosx_11_0_arm64.whl", hash = "sha256:6f340682e2481ab729c399f8b81147476c5a179cfef65d02402702aeb9429088", size = 402161, upload-time = "2026-10-01T18:09:07.143Z" },
    { url = "https://files.pythonhosted.org/packages/19/69/8c209c49a7a1cefe7d6aa35211523ca5c25b3cf35e1b281cfdea2a42ec81/cbor2-6.1.5-cp315-cp315-manylinux_2_28_aarch64.whl", hash = "sha256:30f88d1aff6c8c58ffec56591468f820d5ce6aee0bd64ae7443c0d7ef653eaf8", size = 446558, upload-time = "2026-10-01T18:09:08.964Z" },
    { url = "https://files.pythonhosted.org/packages/eb/65/c6836f9bb9f14a01696c5d90fee07585ae595b6b466ae1c7885405f7317d/cbor2-6.1.5-cp315-cp315-manylinux_2_28_x86_64.whl", hash = "sha256:f294e65db28424fe89985faf74648622e04da7977ca5401ac65c7d1b6538d08a", size = 460016, upload-time = "2026-10-01T18:09:10.694Z" },
    { url = "https://files.pythonhosted.org/packages/7e/a5/f58879254c9e5478f05bc9d5aaad9310b190d8a942f992980c877ba8795b/cbor2-6.1.5-cp315-cp315-musllinux_1_2_aarch64.whl", hash = "sha256:b586912cdb086dbad12052250acd5922fbe66a341ebee7031039eedf90fe84b1", size = 513758, upload-time = "2026-10-01T18:09:12.374Z" },
    { url = "https://files.pythonhosted.org/packages/8e/ec/7ad474e9f79f8f7047754d4be6cc55b58f774ad3990631420dcd2f429197/cbor2-6.1.5-cp315-cp315-musllinux_1_2_x86_64.whl", hash = "sha256:e6d54e11887e649345b2ecb491a8e2866f4abdb6d83abc2a1a52d5ee23785ff8", size = 527606, upload-time = "2026-10-01T18:09:13.957Z" },
    { url = "https://files.pythonhosted.org/packages/01/90/df3e21b7d71ab6bf61f8fd8a0c87ad1de129dbbc5bc5dc2b01b1a1437e2d/cbor2-6.1.5-cp315-cp315-win32.whl", hash = "sha256:4e298c8a88488ebbf5475e51273b8d80da08f7b47aebfa79eb904fc82da49474", size = 281140, upload-time = "2026-10-01T18:09:15.542Z" },
    { url = "https://files.pythonhosted.org/packages/57/58/d31f4eb982a87a71b469b16d1579ec703ba0fcd7f748907b89e84b6c1120/cbor2-6.1.5-cp315-cp315-win_amd64.whl", hash = "sha256:a9a154e010044662ce2e433f7c49e9c0f89ad7b86cb20e5d2e5afe6fd1753162", size = 308898, upload-time = "2026-10-01T18:09:17.509Z" },
    { url = "https://files.pythonhosted.org/packages/e9/55/016955040b4193a50440116c4ccc827df15860c9a192476cd178671270c9/cbor2-6.1.5-cp315-cp315-win_arm64.whl", hash = "sha256:cf89dd755e9781bea60bb67c1569d32ca10c38412126ab58bbc0235c697d98fc", size = 299711, upload-time = "2026-10-01T18:09:18.996Z" },
    { url = "https://files.pythonhosted.org/packages/7a/09/e7895f5388f243e6224581c77133d0404e9c8d302e72ec9179cdd8bdc007/cbor2-6.1.5-cp315-cp315t-macosx_11_0_arm64.whl", hash = "sha256:42217c9de0ead6c5a6c1a6ca6b836204ac46b5bf4f57c758f522f308d7784bf0", size = 397947, upload-time = "2026-10-01T18:09:20.702Z" },
    { url = "https://files.pythonhosted.org/packages/e2/6e/983bbf4850acb3ec3e99b039331e568fca0fd10bcd2c55746374d24e5875/cbor2-6.1.5-cp315-cp315t-manylinux_2_28_aarch64.whl", hash = "sha256:40754de6aef3f3d37f2ab36bb431da145359d0e28fce739683f8717ad2e97280", size = 441234, upload-time = "2026-10-01T18:09:22.584Z" },
    { url = "https://files.pythonhosted.org/packages/f5/0c/a19e7b8627dfc291c1004e67e0594ce687a5ccfc32321748b27cefca76a1/cbor2-6.1.5-cp315-cp315t-manylinux_2_28_x86_64.whl", hash = "sha256:9140388e9a732f3748641abb91d257d30cc466a7ed13c2c5a3d1aaa6af37bd66", size = 457317, upload-time = "2026-10-01T18:09:24.095Z" },
    { url = "https://files.pythonhosted.org/packages/36/4e/2fa0a755436323155b574ded8d6fa840bec8f153ba7a47c2363d316e0df9/cbor2-6.1.5-cp315-cp315t-musllinux_1_2_aarch64.whl", hash = "sha256:040cf628af473fe18cb6f56bdac556d2398102e56852aab5206fbeb3dbde6b52", size = 507155, upload-time = "2026-10-01T18:09:25.61Z" },
    { url = "https://files.pythonhosted.org/packages/0f/b8/6fbe00ebaa935ab0683f5d9eb7b6f67097e0398a1e8e4120eb1298968f07/cbor2-6.1.5-cp315-cp315t-musllinux_1_2_x86_64.whl", hash = "sha256:151f624186a6b607d14074dfffe7b601f403445ab430554e3d920390c3068b05", size = 524789, upload-time = "2026-10-01T18:09:27.451Z" },
    { url = "https://files.pythonhosted.org/packages/ba/55/f10f5a273a680ef9beb36e6c22f92461d1d9c19bea6cb1bd876a1eb26d3b/cbor2-6.1.5-cp315-cp315t-win32.whl", hash = "sha256:1538e87b4b32764bc4940a37b6aa72e3bc6855033aac18d392d70daa89113a2b", size = 277303, upload-time = "2026-10-01T18:09:29.102Z" },
    { url = "https://files.pythonhosted.org/packages/78/33/c8c958ee8bb1a0931d1f863fa2b8ab9526e29c841c86f7a428feb7cb9a76/cbor2-6.1.5-cp315-cp315t-win_amd64.whl", hash = "sha256:0b1fa210f23b1f822ee0c9157c99b0e851fce93c6da1dc8441aa7fb3c4089d70", size = 305311, upload-time = "2026-10-01T18:09:30.645Z" },
    { url = "https://files.pythonhosted.org/packages/d4/c0/e27a1e516a89af7194fc497f4b96d9601771ca41bb66fd5738113df80282/cbor2-6.1.5-cp315-cp315t-win_arm64.whl", hash = "sha256:fd34b35b0a2b366f5b4bd53489ccd10d7576b0d4dd68db38ef64b4e617ea8f76", size = 294495, upload-time = "2026-10-01T18:09:32.192Z" },
]

[[package]]
name = "colorama"
version = "0.4.6"
source = { registry = "https://pypi.org/simple" }
sdist = { url = "https://files.pythonhosted.org/packages/d8/53/6f443c9a4a8358a93a6792e2acffb9d9d5cb0a5cfd8802644b7b1c9a02e4/colorama-0.4.6.tar.gz", hash = "sha256:08695f5cb7ed6e0531a20572697297273c47b8cae5a63ffc6d6ed5c201be6e44", size = 27697, upload-time = "2022-10-25T02:36:22.414Z" }
wheels = [
    { url = "https://files.pythonhosted.org/packages/d1/d6/3965ed04c63042e047cb6a3e6ed1a63a35087b6a609aa3a15ed8ac56c221/colorama-0.4.6-py2.py3-none-any.whl", hash = "sha256:4f1d9991f5acc0ca119f9d443620b77f9d6b33703e51011c16baf57afb285fc6", size = 25335, upload-time = "2022-10-25T02:36:20.889Z" },
]

[[package]]
name = "componentize-py"
version = "0.25.1"
source = { registry = "https://pypi.org/simple" }
sdist = { url = "https://files.pythonhosted.org/packages/77/3d/c769bac866429f36a6d52451fb2980d5e8784efb1d265fb85eaaceb3c285/componentize_py-0.25.1.tar.gz", hash = "sha256:e4087e916b06171303f803c8ffdd5f177e2422e87d9bed6ffe55cc41b2248aa8", size = 192179, upload-time = "2026-09-12T00:46:39.345Z" }
wheels = [
    { url = "https://files.pythonhosted.org/packages/a1/fc/ea8ac30a3de452626e32c051a38f548e9f7863cd10c35705396e257ac029/componentize_py-0.25.1-cp39-abi3-macosx_10_12_x86_64.whl", hash = "sha256:65fbc4a94df1de8acf7da50a1f5ed1711230188844e53e6332d99029be4e0afa", size = 16115332, upload-time = "2026-09-12T00:46:05.55Z" },
    { url = "https://files.pythonhosted.org/packages/4b/9c/f444240899a9b43c60b808d0ece5dff8f3dc6831aa119a1d8eb28d952bad/componentize_py-0.25.1-cp39-abi3-macosx_11_0_arm64.whl", hash = "sha256:a556991534cc496207a9d2ca733c4b0f17ed38ef56a8d6b5f1847fdf1225dd1b", size = 15379697, upload-time = "2026-09-12T00:46:15.278Z" },
    { url = "https://files.pythonhosted.org/packages/56/66/24a9671f1d9c608e53a8d5ae4873d1fc480f0603488a2f46132e70cc6839/componentize_py-0.25.1-cp39-abi3-manylinux_2_28_aarch64.whl", hash = "sha256:7b6a87c520358166843af0daa86d2312d7af4cbcbbf1e598951085cf7f2991ca", size = 17143402, upload-time = "2026-09-12T00:46:22.865Z" },
    { url = "https://files.pythonhosted.org/packages/ed/c6/ad1431751ff1969a132323f6e2797ec38ccdf9d0a53aabb45d79221092a4/componentize_py-0.25.1-cp39-abi3-manylinux_2_28_x86_64.whl", hash = "sha256:8623cd8cab8453cb0cd8bf03f3c7103420d06f2f3d360186a280a70a1ca5e89f", size = 17122694, upload-time = "2026-09-12T00:46:30.3Z" },
    { url = "https://files.pythonhosted.org/packages/4b/60/5b08715534795d84feec8ec8ae50599681ea1199ee7b300ad072fdcd24af/componentize_py-0.25.1-cp39-abi3-win_amd64.whl", hash = "sha256:c7fd552fb0849858b0c1e8981543ed5dff4b0cc1597a8ea0bc26a495786dc0c6", size = 15285843, upload-time = "2026-09-12T00:46:37.399Z" },
]

[[package]]
name = "distlib"
version = "0.4.3"
source = { registry = "https://pypi.org/simple" }
sdist = { url = "https://files.pythonhosted.org/packages/c9/02/bd72be9134d25ed783ecbbc38a539ffaefbf90c78418c7fb7229600dbac7/distlib-0.4.3.tar.gz", hash = "sha256:f152097224a0ae24be5a0f6bae1b9359af82133bce63f98a95f86cae1aede9ed", size = 615141, upload-time = "2026-06-12T08:04:52.847Z" }
wheels = [
    { url = "https://files.pythonhosted.org/packages/02/08/9c41fb51ab5b43eb21674aff13df270e8ba6c4b29c8624e328dc7a9482af/distlib-0.4.3-py2.py3-none-any.whl", hash = "sha256:4b0ce306c966eb73bc3a7b6abad017c556dadd92c44701562cd528ac7fde4d5b", size = 470628, upload-time = "2026-06-12T08:04:50.506Z" },
]

[[package]]
name = "execnet"
version = "2.1.2"
source = { registry = "https://pypi.org/simple" }
sdist = { url = "https://files.pythonhosted.org/packages/bf/89/780e11f9588d9e7128a3f87788354c7946a9cbb1401ad38a48c4db9a4f07/execnet-2.1.2.tar.gz", hash = "sha256:63d83bfdd9a23e35b9c6a3261412324f964c2ec8dcd8d3c6916ee9373e0befcd", size = 166622, upload-time = "2025-11-12T09:56:37.75Z" }
wheels = [
    { url = "https://files.pythonhosted.org/packages/ab/84/02fc1827e8cdded4aa65baef11296a9bbe595c474f0d6d758af082d849fd/execnet-2.1.2-py3-none-any.whl", hash = "sha256:67fba928dd5a544b783f6056f449e5e3931a5c378b128bc18501f7ea79e296ec", size = 40708, upload-time = "2025-11-12T09:56:36.333Z" },
]

[[package]]
name = "filelock"
version = "4.0.12"
source = { registry = "https://pypi.org/simple" }
sdist = { url = "https://files.pythonhosted.org/packages/53/e4/34efcb869715cf299e47d1ac7b2624d2bcb6f2d3dffc2f0abe8417f65ab2/filelock-4.0.12.tar.gz", hash = "sha256:cf42711a7ac791818b299fab0332a088c65aeeefa36290de98db92c434303b0c", size = 253880, upload-time = "2026-10-05T13:17:43.677Z" }
wheels = [
    { url = "https://files.pythonhosted.org/packages/da/a1/b047e1c486a2c66283633b7dbb73872ca16ca1ce6a426f70d4d037fc8e1c/filelock-4.0.12-py3-none-any.whl", hash = "sha256:5f17ee83ecee8a6f3e389c75822fb70a1c2f0506b99438a6dffa1d56793588c8", size = 111732, upload-time = "2026-10-05T13:17:42.361Z" },
]

[[package]]
name = "iniconfig"
version = "2.3.0"
source = { registry = "https://pypi.org/simple" }
sdist = { url = "https://files.pythonhosted.org/packages/72/34/14ca021ce8e5dfedc35312d08ba8bf51fdd999c576889fc2c24cb97f4f10/iniconfig-2.3.0.tar.gz", hash = "sha256:c76315c77db068650d49c5b56314774a7804df16fee4402c1f19d6d15d8c4730", size = 20503, upload-time = "2025-10-18T21:55:43.219Z" }
wheels = [
    { url = "https://files.pythonhosted.org/packages/cb/b1/3846dd7f199d53cb17f49cba7e651e9ce294d8497c8c150530ed11865bb8/iniconfig-2.3.0-py3-none-any.whl", hash = "sha256:f631c04d2c48c52b84d0d0549c99ff3859c98df65b3101406327ecc7d53fbf12", size = 7484, upload-time = "2025-10-18T21:55:41.639Z" },
]

[[package]]
name = "installer"
version = "1.0.1"
source = { registry = "https://pypi.org/simple" }
sdist = { url = "https://files.pythonhosted.org/packages/06/fe/b9f481cf0cc867958a21338baa900357b7b7d86cac9b025948049d77923c/installer-1.0.1.tar.gz", hash = "sha256:052c7fc3721d54c696e2dea019be67539d7b144e924f559f54beb3121831c364", size = 481132, upload-time = "2026-05-11T18:13:28.158Z" }
wheels = [
    { url = "https://files.pythonhosted.org/packages/26/48/bedf3ba4163e7db392c9d4cbdfc8217423196c8fccbe5a404a0f094fde63/installer-1.0.1-py3-none-any.whl", hash = "sha256:011d045df8b954ced7dde3a7e42ae4418da40ecda7990f2d11d5ed7c146fd98b", size = 464455, upload-time = "2026-05-11T18:13:26.252Z" },
]

[[package]]
name = "packaging"
version = "26.3"
source = { registry = "https://pypi.org/simple" }
sdist = { url = "https://files.pythonhosted.org/packages/7d/fa/3944b40b07da9ce895c0e6303a5ab7d53da063554f534556b134a54d6093/packaging-26.3.tar.gz", hash = "sha256:94edc256424af38762eb31306eed28beb9f0efc50a8837492c9d6fd6004aed79", size = 313412, upload-time = "2026-08-04T18:15:28.737Z" }
wheels = [
    { url = "https://files.pythonhosted.org/packages/63/34/ba1c580383c9eada3711951fef0795c80b829a078d72188184bcab9dd527/packaging-26.3-py3-none-any.whl", hash = "sha256:d7193f7c8e4e93f444fde0262bf90af30e16fa0ad0ad44cb553c87339b23cd1c", size = 129956, upload-time = "2026-08-04T18:15:27.159Z" },
]

[[package]]
name = "platformdirs"
version = "4.12.3"
source = { registry = "https://pypi.org/simple" }
sdist = { url = "https://files.pythonhosted.org/packages/42/23/4a86fc741c38c5b69792a4ef954b281afa69bea9f083f881de1b0d23bc07/platformdirs-4.12.3.tar.gz", hash = "sha256:427fc0bb321ae0c5b037fa03238ca74820437be162e78b4848c4d4055b9b766c", size = 59538, upload-time = "2026-10-03T23:40:46.595Z" }
wheels = [
    { url = "https://files.pythonhosted.org/packages/c5/9b/6ce1ead737fe496611bda600c263b9a11ae7bd8f41bb13f9bd7e0a2c37a4/platformdirs-4.12.3-py3-none-any.whl", hash = "sha256:080f3b39423b5abfca9a23d84c4e9795f54d395cd8459867a8ded44084fcd5f8", size = 32493, upload-time = "2026-10-03T23:40:45.104Z" },
]

[[package]]
name = "pluggy"
version = "1.6.0"
source = { registry = "https://pypi.org/simple" }
sdist = { url = "https://files.pythonhosted.org/packages/f9/e2/3e91f31a7d2b083fe6ef3fa267035b518369d9511ffab804f839851d2779/pluggy-1.6.0.tar.gz", hash = "sha256:7dcc130b76258d33b90f61b658791dede3486c3e6bfb003ee5c9bfb396dd22f3", size = 69412, upload-time = "2025-05-15T12:30:07.975Z" }
wheels = [
    { url = "https://files.pythonhosted.org/packages/54/20/4d324d65cc6d9205fabedc306948156824eb9f0ee1633355a8f7ec5c66bf/pluggy-1.6.0-py3-none-any.whl", hash = "sha256:e920276dd6813095e9377c0bc5566d94c932c33b27a3e3945d8389c374dd4746", size = 20538, upload-time = "2025-05-15T12:30:06.134Z" },
]

[[package]]
name = "pygments"
version = "2.21.0"
source = { registry = "https://pypi.org/simple" }
sdist = { url = "https://files.pythonhosted.org/packages/49/2e/ced460408999b33da6b31b0021b0f37d329e202d4169aeb164493778f25b/pygments-2.21.0.tar.gz", hash = "sha256:610ca751c9bc2492b38eb9a38a7fbc93edbbb2d7182edaf34e66ae493dee5c8c", size = 5005329, upload-time = "2026-08-17T08:02:48.824Z" }
wheels = [
    { url = "https://files.pythonhosted.org/packages/71/46/17f022dd3e953bf20a04a028a21ec746d942f8d2af30fa0f124fa0e6a684/pygments-2.21.0-py3-none-any.whl", hash = "sha256:2363c69b61c4a97c838da3b130dcd6468f4848992b21a82f2a63ec34377137d9", size = 1250147, upload-time = "2026-08-17T08:02:44.912Z" },
]

[[package]]
name = "pyproject-hooks"
version = "1.3.3"
source = { registry = "https://pypi.org/simple" }
sdist = { url = "https://files.pythonhosted.org/packages/6d/5d/f2ddeef4a855a102aaae5e97826a0260007522ab504421b75addfdb1517c/pyproject_hooks-1.3.3.tar.gz", hash = "sha256:defda19b854fa0d3bd4f76ea4ddcba8abd7dcfcdd585a6690ade050744fc5f43", size = 21013, upload-time = "2026-09-16T08:58:03.999Z" }
wheels = [
    { url = "https://files.pythonhosted.org/packages/85/11/044d1ae1b4ec0d7af88ee5bc91e081be1022533032b906a7bdabdbb60977/pyproject_hooks-1.3.3-py3-none-any.whl", hash = "sha256:5fc53fdac9f7bd63fbcdc868fb5f90b4784d78a53a3d3388cd738b807441a20b", size = 10724, upload-time = "2026-09-16T08:58:02.96Z" },
]

[[package]]
name = "pysandbox-wasi"
version = "1.6.3"
source = { editable = "." }
dependencies = [
    { name = "build", extra = ["virtualenv"] },
    { name = "cbor2" },
    { name = "installer" },
    { name = "packaging" },
    { name = "platformdirs" },
    { name = "resolvelib" },
]

[package.dev-dependencies]
dev = [
    { name = "componentize-py" },
    { name = "pytest" },
    { name = "pytest-asyncio" },
    { name = "pytest-timeout" },
    { name = "pytest-xdist" },
    { name = "ruff" },
]

[package.metadata]
requires-dist = [
    { name = "build", extras = ["virtualenv"], specifier = ">=1.3" },
    { name = "cbor2", specifier = ">=6" },
    { name = "installer", specifier = ">=0.7" },
    { name = "packaging", specifier = ">=24" },
    { name = "platformdirs", specifier = ">=4" },
    { name = "resolvelib", specifier = ">=1.1" },
]

[package.metadata.requires-dev]
dev = [
    { name = "componentize-py" },
    { name = "pytest" },
    { name = "pytest-asyncio" },
    { name = "pytest-timeout" },
    { name = "pytest-xdist" },
    { name = "ruff" },
]

[[package]]
name = "pytest"
version = "9.1.1"
source = { registry = "https://pypi.org/simple" }
dependencies = [
    { name = "colorama", marker = "sys_platform == 'win32'" },
    { name = "iniconfig" },
    { name = "packaging" },
    { name = "pluggy" },
    { name = "pygments" },
]
sdist = { url = "https://files.pythonhosted.org/packages/e4/47/b9efed96c114afcfa3c9d3fe98a76a1d14c74a9e266d397cf6eb64be5e01/pytest-9.1.1.tar.gz", hash = "sha256:1088fbde8f2b49d95a549a195707afa7a76a3ce9bcadc26b6d71f0ffda5fe313", size = 1636369, upload-time = "2026-06-19T10:58:32.857Z" }
wheels = [
    { url = "https://files.pythonhosted.org/packages/24/25/1de2678b631f5a49215c6c96fff41ba892b0a34df68d6d80292b1b48aa7f/pytest-9.1.1-py3-none-any.whl", hash = "sha256:37a86b45efb9a47a61a36449063e8e18d0cab3161329fc099eb21783169c4f0c", size = 386536, upload-time = "2026-06-19T10:58:31.347Z" },
]

[[package]]
name = "pytest-asyncio"
version = "1.4.0"
source = { registry = "https://pypi.org/simple" }
dependencies = [
    { name = "pytest" },
    { name = "typing-extensions", marker = "python_full_version < '3.13'" },
]
sdist = { url = "https://files.pythonhosted.org/packages/43/7c/d36d04db312ecf4298932ef77e6e4a9e8ad017906e24e34f0b0c361a2473/pytest_asyncio-1.4.0.tar.gz", hash = "sha256:c6c0d2259945122819f171a32ecea2c349ead889ee28176caaf492143424be42", size = 58514, upload-time = "2026-05-26T09:56:04.083Z" }
wheels = [
    { url = "https://files.pythonhosted.org/packages/03/e2/08a497ef684b88559c9cc5f4ad53a37e7b99e727094a86d6ea32536d5d3c/pytest_asyncio-1.4.0-py3-none-any.whl", hash = "sha256:933ca923a23075a87fb7070c0ec272a6848489824d887c85c812670932835aa1", size = 16930, upload-time = "2026-05-26T09:56:02.576Z" },
]

[[package]]
name = "pytest-timeout"
version = "2.4.0"
source = { registry = "https://pypi.org/simple" }
dependencies = [
    { name = "pytest" },
]
sdist = { url = "https://files.pythonhosted.org/packages/ac/82/4c9ecabab13363e72d880f2fb504c5f750433b2b6f16e99f4ec21ada284c/pytest_timeout-2.4.0.tar.gz", hash = "sha256:7e68e90b01f9eff71332b25001f85c75495fc4e3a836701876183c4bcfd0540a", size = 17973, upload-time = "2025-05-05T19:44:34.99Z" }
wheels = [
    { url = "https://files.pythonhosted.org/packages/fa/b6/3127540ecdf1464a00e5a01ee60a1b09175f6913f0644ac748494d9c4b21/pytest_timeout-2.4.0-py3-none-any.whl", hash = "sha256:c42667e5cdadb151aeb5b26d114aff6bdf5a907f176a007a30b940d3d865b5c2", size = 14382, upload-time = "2025-05-05T19:44:33.502Z" },
]

[[package]]
name = "pytest-xdist"
version = "3.8.0"
source = { registry = "https://pypi.org/simple" }
dependencies = [
    { name = "execnet" },
    { name = "pytest" },
]
sdist = { url = "https://files.pythonhosted.org/packages/78/b4/439b179d1ff526791eb921115fca8e44e596a13efeda518b9d845a619450/pytest_xdist-3.8.0.tar.gz", hash = "sha256:7e578125ec9bc6050861aa93f2d59f1d8d085595d6551c2c90b6f4fad8d3a9f1", size = 88069, upload-time = "2025-07-01T13:30:59.346Z" }
wheels = [
    { url = "https://files.pythonhosted.org/packages/ca/31/d4e37e9e550c2b92a9cbc2e4d0b7420a27224968580b5a447f420847c975/pytest_xdist-3.8.0-py3-none-any.whl", hash = "sha256:202ca578cfeb7370784a8c33d6d05bc6e13b4f25b5053c30a152269fd10f0b88", size = 46396, upload-time = "2025-07-01T13:30:56.632Z" },
]

[[package]]
name = "python-discovery"
version = "1.6.1"
source = { registry = "https://pypi.org/simple" }
dependencies = [
    { name = "filelock" },
]
sdist = { url = "https://files.pythonhosted.org/packages/0c/57/250bd238b966cece44328235eb85290045d059265fdaf7527a3a958123db/python_discovery-1.6.1.tar.gz", hash = "sha256:cf87d3627dfb4412437fdd5b13eae402607722998d21567993aedbc59b23c15e", size = 84338, upload-time = "2026-09-18T01:31:53.971Z" }
wheels = [
    { url = "https://files.pythonhosted.org/packages/16/7d/e9ffbadfbf89c93848412d04594135c4ae8c1d37d9e053b9c3ed718fabc4/python_discovery-1.6.1-py3-none-any.whl", hash = "sha256:d43fcdef879fe795352bd13ccf8d185ba5a9f86f36cfcd00529f596e737442b3", size = 38664, upload-time = "2026-09-18T01:31:52.448Z" },
]

[[package]]
name = "resolvelib"
version = "1.2.1"
source = { registry = "https://pypi.org/simple" }
sdist = { url = "https://files.pythonhosted.org/packages/1d/14/4669927e06631070edb968c78fdb6ce8992e27c9ab2cde4b3993e22ac7af/resolvelib-1.2.1.tar.gz", hash = "sha256:7d08a2022f6e16ce405d60b68c390f054efcfd0477d4b9bd019cc941c28fad1c", size = 24575, upload-time = "2025-10-11T01:07:44.582Z" }
wheels = [
    { url = "https://files.pythonhosted.org/packages/e2/23/c941a0d0353681ca138489983c4309e0f5095dfd902e1357004f2357ddf2/resolvelib-1.2.1-py3-none-any.whl", hash = "sha256:fb06b66c8da04172d9e72a21d7d06186d8919e32ae5ab5cdf5b9d920be805ac2", size = 18737, upload-time = "2025-10-11T01:07:43.081Z" },
]

[[package]]
name = "ruff"
version = "0.16.10"
source = { registry = "https://pypi.org/simple" }
sdist = { url = "https://files.pythonhosted.org/packages/c4/49/23802c45f093eb14bde54b141d2b2f058edfa63a06db7beed047308cc08f/ruff-0.16.10.tar.gz", hash = "sha256:eff4728c4eaae93f0955cd264d24b2ab348e74bf59986ccf282ba6dc16b3b017", size = 4958724, upload-time = "2026-10-01T18:03:21.697Z" }
wheels = [
    { url = "https://files.pythonhosted.org/packages/2f/21/ebce22e1d90cdb2cd691026b9c6e9bec6499f0b396089481755b5d49efff/ruff-0.16.10-py3-none-linux_armv6l.whl", hash = "sha256:488b0fe3f3574210e5cf80d9f59b9e3ab17a127a8155de3f307b392589cfb511", size = 10095557, upload-time = "2026-10-01T18:02:36.072Z" },
    { url = "https://files.pythonhosted.org/packages/cb/98/a54de85876a8b2612bfa0d84c7b9abfb39c6a3354aee7800b09c1649b9e3/ruff-0.16.10-py3-none-macosx_10_12_x86_64.whl", hash = "sha256:e748ff95c934c4e978783b8e687bc174e7bd84e8ad24e3243e1ecfcda5e0282d", size = 10340577, upload-time = "2026-10-01T18:02:39.258Z" },
    { url = "https://files.pythonhosted.org/packages/9f/16/1a5a4a2657effe4806110f2b907313802f1367fcdbb29e8122766e407fab/ruff-0.16.10-py3-none-macosx_11_0_arm64.whl", hash = "sha256:3031a4a2e8e7b8a46f70be45f198c35a11ece509a94b80334d8d397a33c67550", size = 9774282, upload-time = "2026-10-01T18:02:41.79Z" },
    { url = "https://files.pythonhosted.org/packages/6e/fb/470085af734da396e68cd80fb0a3e7c109a459716ae59588c0f6fab8a17d/ruff-0.16.10-py3-none-manylinux_2_17_aarch64.manylinux2014_aarch64.whl", hash = "sha256:494401c86df4c4c25f69b9419605d944467ee98c42fb6ad405ef4fa40b8fb67d", size = 9920895, upload-time = "2026-10-01T18:02:44.458Z" },
    { url = "https://files.pythonhosted.org/packages/57/de/f10cffe4f88a37ea6615ec460f01bf76f0bc1477737a35d9ee61a630a78b/ruff-0.16.10-py3-none-manylinux_2_17_armv7l.manylinux2014_armv7l.whl", hash = "sha256:d203abc0ff2b773ee33d00ab8df0bb67046fbc7c07b119332f08b9b345cf8221", size = 9902707, upload-time = "2026-10-01T18:02:47.041Z" },
    { url = "https://files.pythonhosted.org/packages/ff/44/3fdcedf83ae60ef837dd239170e480dce606a9142cfa2db911afdf855fd9/ruff-0.16.10-py3-none-manylinux_2_17_i686.manylinux2014_i686.whl", hash = "sha256:bd83d1235a5258d318477bc5b576303974cbdef5df0c01a1bff14efcc23bd12a", size = 10619287, upload-time = "2026-10-01T18:02:49.485Z" },
    { url = "https://files.pythonhosted.org/packages/c1/62/02e76a5574002153618eafbb70e159468addc72a5d2c488e65cbb4639d2d/ruff-0.16.10-py3-none-manylinux_2_17_ppc64le.manylinux2014_ppc64le.whl", hash = "sha256:bc2610fb269fa56dd8a68669ae470fa6272902668c0fc2ebc3aa112b2633d5b8", size = 11339942, upload-time = "2026-10-01T18:02:52.008Z" },
    { url = "https://files.pythonhosted.org/packages/6b/c4/cde27d47ad8d4126c587e608c67c46e7feac11763f606d261a1bc8a489e6/ruff-0.16.10-py3-none-manylinux_2_17_s390x.manylinux2014_s390x.whl", hash = "sha256:3e70175e29cc94c26ea296c80e470180b744b7419026898e58f520c6ab32578e", size = 10934316, upload-time = "2026-10-01T18:02:54.811Z" },
    { url = "https://files.pythonhosted.org/packages/e4/03/17234145f302a645a123e8c3bb2411ecf4669fbc350de3b0d803230a1729/ruff-0.16.10-py3-none-manylinux_2_17_x86_64.manylinux2014_x86_64.whl", hash = "sha256:f33f43a864a8483eebd160e713336c8bab02c934feaff0a33cf5ccb41546d09a", size = 10387968, upload-time = "2026-10-01T18:02:57.497Z" },
    { url = "https://files.pythonhosted.org/packages/71/29/2493af60240ee7644b38a4b821f5f9c3b5a4fa3178770fe1d0c685217395/ruff-0.16.10-py3-none-manylinux_2_31_riscv64.whl", hash = "sha256:1dfc6f0088149fb6a362c1c446bcbb3fd2157b3852fe2fa68409276eab9ad9b3", size = 10537906, upload-time = "2026-10-01T18:03:00.006Z" },
    { url = "https://files.pythonhosted.org/packages/2e/9a/f56b28f3b143bb9e518c34fb89ab191b626bca8b70dbf8af0d2e2d473572/ruff-0.16.10-py3-none-musllinux_1_2_aarch64.whl", hash = "sha256:6553498afc35f580f036030795810b9e6bcea31604b0fd9e8d352795473042e3", size = 10012938, upload-time = "2026-10-01T18:03:03.006Z" },
    { url = "https://files.pythonhosted.org/packages/c2/c4/fca37362848ea4d4d80712df13632e645e7c7cfb1bdedf140699ac7a090b/ruff-0.16.10-py3-none-musllinux_1_2_armv7l.whl", hash = "sha256:a3b8471dea115d37f123882be852bed13403746d3a76c11de4a19ec5f9ff5a03", size = 9897945, upload-time = "2026-10-01T18:03:05.818Z" },
    { url = "https://files.pythonhosted.org/packages/7d/c7/e0bc57664d6e0c61fd22f620af260fe9662d7e1ddb320ea7f160e76ef165/ruff-0.16.10-py3-none-musllinux_1_2_i686.whl", hash = "sha256:92e59a70bcbd9d3a5483656da906ec28edfdacfce00afd99edb8b4e9d15644be", size = 10333134, upload-time = "2026-10-01T18:03:08.25Z" },
    { url = "https://files.pythonhosted.org/packages/21/aa/5c9f3b68737c0e4a33a1db5dfab44f7b786d96ca91a7233112ddab1e6dc2/ruff-0.16.10-py3-none-musllinux_1_2_x86_64.whl", hash = "sha256:7ae7375f803b5520dc9f546bed7e3a0acb70b91812e9bb4b19927de22f25b77d", size = 10741702, upload-time = "2026-10-01T18:03:10.775Z" },
    { url = "https://files.pythonhosted.org/packages/78/fa/0f9c2020dc316c53d983be011720b8157cc052b97e3f4dfa7db6d0f880a6/ruff-0.16.10-py3-none-win32.whl", hash = "sha256:2a12e01cb9156c10c466f63b46eaae5ecea28dfbd21b5836353ae498e7d1349a", size = 10139176, upload-time = "2026-10-01T18:03:13.267Z" },
    { url = "https://files.pythonhosted.org/packages/99/29/cfb0df9448d4d4ad48c2de029ada9ebd71baa6da983a6c77ee6c6cd0fe82/ruff-0.16.10-py3-none-win_amd64.whl", hash = "sha256:97f2015c92aa97105b0eab19eb5d224884399281cfc5da86a92db4ab5e7fb2ca", size = 10584734, upload-time = "2026-10-01T18:03:16.006Z" },
    { url = "https://files.pythonhosted.org/packages/fc/05/c16957eb287c3fc062e032619a25868d93d408a844b725bcf514f7a378ff/ruff-0.16.10-py3-none-win_arm64.whl", hash = "sha256:25a65fe998c4e6861ec079ada5826a2fc605e6cbccbe9dcd7fac1f54e791621b", size = 10366440, upload-time = "2026-10-01T18:03:19.04Z" },
]

[[package]]
name = "typing-extensions"
version = "4.16.0"
source = { registry = "https://pypi.org/simple" }
sdist = { url = "https://files.pythonhosted.org/packages/f6/cc/6253133b5bb138fc3306cebfbda2c520f545d36b5be2c7255cc528bb45d6/typing_extensions-4.16.0.tar.gz", hash = "sha256:dc983d19a509c94dba722ee6abd33940f7c05a89e243c47e907eb4db6f1a43e5", size = 113555, upload-time = "2026-07-02T08:40:05.92Z" }
wheels = [
    { url = "https://files.pythonhosted.org/packages/49/d3/b8441a820a491ddfc024b0b0cf0393375b75ea13866d9c66727e54c2fc80/typing_extensions-4.16.0-py3-none-any.whl", hash = "sha256:481caa481374e813c1b176ada14e97f1f67a4539ce9cfeb3f350d78d6370c2e8", size = 45571, upload-time = "2026-07-02T08:40:04.659Z" },
]

[[package]]
name = "virtualenv"
version = "21.14.5"
source = { registry = "https://pypi.org/simple" }
dependencies = [
    { name = "distlib" },
    { name = "filelock" },
    { name = "packaging" },
    { name = "platformdirs" },
    { name = "python-discovery" },
]
sdist = { url = "https://files.pythonhosted.org/packages/c4/f9/f323b3b6058cff3853b31cf6a49c0425ed797bf9611572ec10d065e08bac/virtualenv-21.14.5.tar.gz", hash = "sha256:c4cb6c13e46b57225a999c7e22a09b163393878facc7ac4c059a57f46faa1647", size = 5467127, upload-time = "2026-10-02T17:42:25.613Z" }
wheels = [
    { url = "https://files.pythonhosted.org/packages/df/93/084f10ebbecdedf7902ed68fbecc903f0e9c5742155bfffb05eccbc071da/virtualenv-21.14.5-py3-none-any.whl", hash = "sha256:b0651e0174982bba17cc6f0aaa2ef496730cb85a3f35eb5d1119d1c904f7d1da", size = 5487482, upload-time = "2026-10-02T17:42:23.38Z" },
]
